
Microsoft Visual Studio Solution File, Format Version 12.00
# Visual Studio Version 16
VisualStudioVersion = 16.0.30804.86
MinimumVisualStudioVersion = 10.0.40219.1
Project("{FAE04EC0-301F-11D3-BF4B-00C04F79EFBC}") = "ARMDataManager", "ARMDataManager\ARMDataManager.csproj", "{4357C44F-0179-43C3-88CE-709691EC648C}"
EndProject
Project("{00D1A9C2-B5F0-4AF3-8072-F6C62B433612}") = "ARMData", "ARMData\ARMData.sqlproj", "{6C565A5D-ED3A-4FA8-8CFF-32BCF223175C}"
EndProject
Global
	GlobalSection(SolutionConfigurationPlatforms) = preSolution
		Debug|Any CPU = Debug|Any CPU
		Release|Any CPU = Release|Any CPU
	EndGlobalSection
	GlobalSection(ProjectConfigurationPlatforms) = postSolution
		{4357C44F-0179-43C3-88CE-709691EC648C}.Debug|Any CPU.ActiveCfg = Debug|Any CPU
		{4357C44F-0179-43C3-88CE-709691EC648C}.Debug|Any CPU.Build.0 = Debug|Any CPU
		{4357C44F-0179-43C3-88CE-709691EC648C}.Release|Any CPU.ActiveCfg = Release|Any CPU
		{4357C44F-0179-43C3-88CE-709691EC648C}.Release|Any CPU.Build.0 = Release|Any CPU
		{6C565A5D-ED3A-4FA8-8CFF-32BCF223175C}.Debug|Any CPU.ActiveCfg = Debug|Any CPU
		{6C565A5D-ED3A-4FA8-8CFF-32BCF223175C}.Debug|Any CPU.Build.0 = Debug|Any CPU
		{6C565A5D-ED3A-4FA8-8CFF-32BCF223175C}.Debug|Any CPU.Deploy.0 = Debug|Any CPU
		{6C565A5D-ED3A-4FA8-8CFF-32BCF223175C}.Release|Any CPU.ActiveCfg = Release|Any CPU
		{6C565A5D-ED3A-4FA8-8CFF-32BCF223175C}.Release|Any CPU.Build.0 = Release|Any CPU
		{6C565A5D-ED3A-4FA8-8CFF-32BCF223175C}.Release|Any CPU.Deploy.0 = Release|Any CPU
	EndGlobalSection
	GlobalSection(SolutionProperties) = preSolution
		HideSolutionNode = FALSE
	EndGlobalSection
	GlobalSection(ExtensibilityGlobals) = postSolution
		SolutionGuid = {9623B0C5-36BB-4E54-9D3B-F7E082EFA393}
	EndGlobalSection
EndGlobal
